// !$*UTF8*$!
{
	archiveVersion = 1;
	classes = {
	};
	objectVersion = 46;
	objects = {

/* Begin PBXBuildFile section */
		63F950481CD5258500222A41 /* ai.cpp in Sources */ = {isa = PBXBuildFile; fileRef = 63F950421CD5258500222A41 /* ai.cpp */; };
		63F950491CD5258500222A41 /* data.cpp in Sources */ = {isa = PBXBuildFile; fileRef = 63F950441CD5258500222A41 /* data.cpp */; };
		63F9504A1CD5258500222A41 /* heuristic.cpp in Sources */ = {isa = PBXBuildFile; fileRef = 63F950461CD5258500222A41 /* heuristic.cpp */; };
		63F9504B1CD5258500222A41 /* main.cpp in Sources */ = {isa = PBXBuildFile; fileRef = 63F950471CD5258500222A41 /* main.cpp */; };
/* End PBXBuildFile section */

/* Begin PBXCopyFilesBuildPhase section */
		6334F6311CCF0E250006B65E /* CopyFiles */ = {
			isa = PBXCopyFilesBuildPhase;
			buildActionMask = 2147483647;
			dstPath = /usr/share/man/man1/;
			dstSubfolderSpec = 0;
			files = (
			);
			runOnlyForDeploymentPostprocessing = 1;
		};
/* End PBXCopyFilesBuildPhase section */

/* Begin PBXFileReference section */
		6334F6331CCF0E250006B65E /* Chaos */ = {isa = PBXFileReference; explicitFileType = "compiled.mach-o.executable"; includeInIndex = 0; path = Chaos; sourceTree = BUILT_PRODUCTS_DIR; };
		63F950421CD5258500222A41 /* ai.cpp */ = {isa = PBXFileReference; fileEncoding = 4; lastKnownFileType = sourcecode.cpp.cpp; name = ai.cpp; path = src/ai.cpp; sourceTree = "<group>"; };
		63F950431CD5258500222A41 /* ai.h */ = {isa = PBXFileReference; fileEncoding = 4; lastKnownFileType = sourcecode.c.h; name = ai.h; path = src/ai.h; sourceTree = "<group>"; };
		63F950441CD5258500222A41 /* data.cpp */ = {isa = PBXFileReference; fileEncoding = 4; lastKnownFileType = sourcecode.cpp.cpp; name = data.cpp; path = src/data.cpp; sourceTree = "<group>"; };
		63F950451CD5258500222A41 /* data.h */ = {isa = PBXFileReference; fileEncoding = 4; lastKnownFileType = sourcecode.c.h; name = data.h; path = src/data.h; sourceTree = "<group>"; };
		63F950461CD5258500222A41 /* heuristic.cpp */ = {isa = PBXFileReference; fileEncoding = 4; lastKnownFileType = sourcecode.cpp.cpp; name = heuristic.cpp; path = src/heuristic.cpp; sourceTree = "<group>"; };
		63F950471CD5258500222A41 /* main.cpp */ = {isa = PBXFileReference; fileEncoding = 4; lastKnownFileType = sourcecode.cpp.cpp; name = main.cpp; path = src/main.cpp; sourceTree = "<group>"; };
/* End PBXFileReference section */

/* Begin PBXFrameworksBuildPhase section */
		6334F6301CCF0E250006B65E /* Frameworks */ = {
			isa = PBXFrameworksBuildPhase;
			buildActionMask = 2147483647;
			files = (
			);
			runOnlyForDeploymentPostprocessing = 0;
		};
/* End PBXFrameworksBuildPhase section */

/* Begin PBXGroup section */
		6334F62A1CCF0E240006B65E = {
			isa = PBXGroup;
			children = (
				63F950411CD5257D00222A41 /* src */,
				6334F6341CCF0E250006B65E /* Products */,
			);
			sourceTree = "<group>";
		};
		6334F6341CCF0E250006B65E /* Products */ = {
			isa = PBXGroup;
			children = (
				6334F6331CCF0E250006B65E /* Chaos */,
			);
			name = Products;
			sourceTree = "<group>";
		};
		63F950411CD5257D00222A41 /* src */ = {
			isa = PBXGroup;
			children = (
				63F950421CD5258500222A41 /* ai.cpp */,
				63F950431CD5258500222A41 /* ai.h */,
				63F950441CD5258500222A41 /* data.cpp */,
				63F950451CD5258500222A41 /* data.h */,
				63F950461CD5258500222A41 /* heuristic.cpp */,
				63F950471CD5258500222A41 /* main.cpp */,
			);
			name = src;
			sourceTree = "<group>";
		};
/* End PBXGroup section */

/* Begin PBXNativeTarget section */
		6334F6321CCF0E250006B65E /* Chaos */ = {
			isa = PBXNativeTarget;
			buildConfigurationList = 6334F63A1CCF0E250006B65E /* Build configuration list for PBXNativeTarget "Chaos" */;
			buildPhases = (
				6334F62F1CCF0E250006B65E /* Sources */,
				6334F6301CCF0E250006B65E /* Frameworks */,
				6334F6311CCF0E250006B65E /* CopyFiles */,
			);
			buildRules = (
			);
			dependencies = (
			);
			name = Chaos;
			productName = Chaos;
			productReference = 6334F6331CCF0E250006B65E /* Chaos */;
			productType = "com.apple.product-type.tool";
		};
/* End PBXNativeTarget section */

/* Begin PBXProject section */
		6334F62B1CCF0E250006B65E /* Project object */ = {
			isa = PBXProject;
			attributes = {
				LastUpgradeCheck = 0720;
				ORGANIZATIONNAME = idlerun;
				TargetAttributes = {
					6334F6321CCF0E250006B65E = {
						CreatedOnToolsVersion = 7.2;
					};
				};
			};
			buildConfigurationList = 6334F62E1CCF0E250006B65E /* Build configuration list for PBXProject "Chaos" */;
			compatibilityVersion = "Xcode 3.2";
			developmentRegion = English;
			hasScannedForEncodings = 0;
			knownRegions = (
				en,
			);
			mainGroup = 6334F62A1CCF0E240006B65E;
			productRefGroup = 6334F6341CCF0E250006B65E /* Products */;
			projectDirPath = "";
			projectRoot = "";
			targets = (
				6334F6321CCF0E250006B65E /* Chaos */,
			);
		};
/* End PBXProject section */

/* Begin PBXSourcesBuildPhase section */
		6334F62F1CCF0E250006B65E /* Sources */ = {
			isa = PBXSourcesBuildPhase;
			buildActionMask = 2147483647;
			files = (
				63F950481CD5258500222A41 /* ai.cpp in Sources */,
				63F950491CD5258500222A41 /* data.cpp in Sources */,
				63F9504B1CD5258500222A41 /* main.cpp in Sources */,
				63F9504A1CD5258500222A41 /* heuristic.cpp in Sources */,
			);
			runOnlyForDeploymentPostprocessing = 0;
		};
/* End PBXSourcesBuildPhase section */

/* Begin XCBuildConfiguration section */
		6334F6381CCF0E250006B65E /* Debug */ = {
			isa = XCBuildConfiguration;
			buildSettings = {
				ALWAYS_SEARCH_USER_PATHS = NO;
				CLANG_CXX_LANGUAGE_STANDARD = "gnu++0x";
				CLANG_CXX_LIBRARY = "libc++";
				CLANG_ENABLE_MODULES = YES;
				CLANG_ENABLE_OBJC_ARC = YES;
				CLANG_WARN_BOOL_CONVERSION = YES;
				CLANG_WARN_CONSTANT_CONVERSION = YES;
				CLANG_WARN_DIRECT_OBJC_ISA_USAGE = YES_ERROR;
				CLANG_WARN_EMPTY_BODY = YES;
				CLANG_WARN_ENUM_CONVERSION = YES;
				CLANG_WARN_INT_CONVERSION = YES;
				CLANG_WARN_OBJC_ROOT_CLASS = YES_ERROR;
				CLANG_WARN_UNREACHABLE_CODE = YES;
				CLANG_WARN__DUPLICATE_METHOD_MATCH = YES;
				CODE_SIGN_IDENTITY = "-";
				COPY_PHASE_STRIP = NO;
				DEBUG_INFORMATION_FORMAT = dwarf;
				ENABLE_STRICT_OBJC_MSGSEND = YES;
				ENABLE_TESTABILITY = YES;
				GCC_C_LANGUAGE_STANDARD = gnu99;
				GCC_DYNAMIC_NO_PIC = NO;
				GCC_NO_COMMON_BLOCKS = YES;
				GCC_OPTIMIZATION_LEVEL = 0;
				GCC_PREPROCESSOR_DEFINITIONS = (
					"DEBUG=1",
					"$(inherited)",
				);
				GCC_WARN_64_TO_32_BIT_CONVERSION = YES;
				GCC_WARN_ABOUT_RETURN_TYPE = YES_ERROR;
				GCC_WARN_UNDECLARED_SELECTOR = YES;
				GCC_WARN_UNINITIALIZED_AUTOS = YES_AGGRESSIVE;
				GCC_WARN_UNUSED_FUNCTION = YES;
				GCC_WARN_UNUSED_VARIABLE = YES;
				MACOSX_DEPLOYMENT_TARGET = 10.10;
				MTL_ENABLE_DEBUG_INFO = YES;
				ONLY_ACTIVE_ARCH = YES;
				SDKROOT = macosx;
			};
			name = Debug;
		};
		6334F6391CCF0E250006B65E /* Release */ = {
			isa = XCBuildConfiguration;
			buildSettings = {
				ALWAYS_SEARCH_USER_PATHS = NO;
				CLANG_CXX_LANGUAGE_STANDARD = "gnu++0x";
				CLANG_CXX_LIBRARY = "libc++";
				CLANG_ENABLE_MODULES = YES;
				CLANG_ENABLE_OBJC_ARC = YES;
				CLANG_WARN_BOOL_CONVERSION = YES;
				CLANG_WARN_CONSTANT_CONVERSION = YES;
				CLANG_WARN_DIRECT_OBJC_ISA_USAGE = YES_ERROR;
				CLANG_WARN_EMPTY_BODY = YES;
				CLANG_WARN_ENUM_CONVERSION = YES;
				CLANG_WARN_INT_CONVERSION = YES;
				CLANG_WARN_OBJC_ROOT_CLASS = YES_ERROR;
				CLANG_WARN_UNREACHABLE_CODE = YES;
				CLANG_WARN__DUPLICATE_METHOD_MATCH = YES;
				CODE_SIGN_IDENTITY = "-";
				COPY_PHASE_STRIP = NO;
				DEBUG_INFORMATION_FORMAT = "dwarf-with-dsym";
				ENABLE_NS_ASSERTIONS = NO;
				ENABLE_STRICT_OBJC_MSGSEND = YES;
				GCC_C_LANGUAGE_STANDARD = gnu99;
				GCC_NO_COMMON_BLOCKS = YES;
				GCC_WARN_64_TO_32_BIT_CONVERSION = YES;
				GCC_WARN_ABOUT_RETURN_TYPE = YES_ERROR;
				GCC_WARN_UNDECLARED_SELECTOR = YES;
				GCC_WARN_UNINITIALIZED_AUTOS = YES_AGGRESSIVE;
				GCC_WARN_UNUSED_FUNCTION = YES;
				GCC_WARN_UNUSED_VARIABLE = YES;
				MACOSX_DEPLOYMENT_TARGET = 10.10;
				MTL_ENABLE_DEBUG_INFO = NO;
				SDKROOT = macosx;
			};
			name = Release;
		};
		6334F63B1CCF0E250006B65E /* Debug */ = {
			isa = XCBuildConfiguration;
			buildSettings = {
				PRODUCT_NAME = "$(TARGET_NAME)";
			};
			name = Debug;
		};
		6334F63C1CCF0E250006B65E /* Release */ = {
			isa = XCBuildConfiguration;
			buildSettings = {
				PRODUCT_NAME = "$(TARGET_NAME)";
			};
			name = Release;
		};
/* End XCBuildConfiguration section */

/* Begin XCConfigurationList section */
		6334F62E1CCF0E250006B65E /* Build configuration list for PBXProject "Chaos" */ = {
			isa = XCConfigurationList;
			buildConfigurations = (
				6334F6381CCF0E250006B65E /* Debug */,
				6334F6391CCF0E250006B65E /* Release */,
			);
			defaultConfigurationIsVisible = 0;
			defaultConfigurationName = Release;
		};
		6334F63A1CCF0E250006B65E /* Build configuration list for PBXNativeTarget "Chaos" */ = {
			isa = XCConfigurationList;
			buildConfigurations = (
				6334F63B1CCF0E250006B65E /* Debug */,
				6334F63C1CCF0E250006B65E /* Release */,
			);
			defaultConfigurationIsVisible = 0;
			defaultConfigurationName = Release;
		};
/* End XCConfigurationList section */
	};
	rootObject = 6334F62B1CCF0E250006B65E /* Project object */;
}
